
Microsoft Visual Studio Solution File, Format Version 12.00
# Visual Studio Version 17
VisualStudioVersion = 17.1.32421.90
MinimumVisualStudioVersion = 10.0.40219.1
Project("{FAE04EC0-301F-11D3-BF4B-00C04F79EFBC}") = "LinQUniv", "LinQUniv\LinQUniv.csproj", "{91685237-6CD3-4CD3-995B-6ACA0FCDD1DF}"
EndProject
Global
	GlobalSection(SolutionConfigurationPlatforms) = preSolution
		Debug|Any CPU = Debug|Any CPU
		Release|Any CPU = Release|Any CPU
	EndGlobalSection
	GlobalSection(ProjectConfigurationPlatforms) = postSolution
		{91685237-6CD3-4CD3-995B-6ACA0FCDD1DF}.Debug|Any CPU.ActiveCfg = Debug|Any CPU
		{91685237-6CD3-4CD3-995B-6ACA0FCDD1DF}.Debug|Any CPU.Build.0 = Debug|Any CPU
		{91685237-6CD3-4CD3-995B-6ACA0FCDD1DF}.Release|Any CPU.ActiveCfg = Release|Any CPU
		{91685237-6CD3-4CD3-995B-6ACA0FCDD1DF}.Release|Any CPU.Build.0 = Release|Any CPU
	EndGlobalSection
	GlobalSection(SolutionProperties) = preSolution
		HideSolutionNode = FALSE
	EndGlobalSection
	GlobalSection(ExtensibilityGlobals) = postSolution
		SolutionGuid = {668D4057-282F-4704-9ACE-0BF9099944AE}
	EndGlobalSection
EndGlobal
